// !$*UTF8*$!
{
	archiveVersion = 1;
	classes = {
	};
	objectVersion = 77;
	objects = {

/* Begin PBXBuildFile section */
		B016E7B72F0F5F5F00AABA0C /* TransformersTokenizers in Frameworks */ = {isa = PBXBuildFile; productRef = B016E7B62F0F5F5F00AABA0C /* TransformersTokenizers */; };
		E0A100022F0F5F5F00AABA0C /* TransformersTokenizers in Frameworks */ = {isa = PBXBuildFile; productRef = B016E7B62F0F5F5F00AABA0C /* TransformersTokenizers */; };
		E0A100042F0F5F5F00AABA0D /* OpenIntelligenceEngine.framework in Frameworks */ = {isa = PBXBuildFile; fileRef = E0A100042F0F5F5F00AABA0C /* OpenIntelligenceEngine.framework */; };
		F0A100012F1A000100AA1001 /* OpenIntelligenceLiveActivities.appex in Embed Foundation Extensions */ = {isa = PBXBuildFile; fileRef = F0A100022F1A000100AA1001 /* OpenIntelligenceLiveActivities.appex */; platformFilter = ios; settings = {ATTRIBUTES = (RemoveHeadersOnCopy, ); }; };
		F0A100032F1A000100AA1001 /* OpenIntelligence/Services/Infrastructure/Background/IngestionLiveActivityAttributes.swift in Sources */ = {isa = PBXBuildFile; fileRef = F0A100042F1A000100AA1001 /* OpenIntelligence/Services/Infrastructure/Background/IngestionLiveActivityAttributes.swift */; };
		F0A100242F1A000100AA1001 /* IngestionLiveActivityWidget.swift in Sources */ = {isa = PBXBuildFile; fileRef = F0A100202F1A000100AA1001 /* IngestionLiveActivityWidget.swift */; };
		F0A100252F1A000100AA1001 /* OpenIntelligenceLiveActivitiesBundle.swift in Sources */ = {isa = PBXBuildFile; fileRef = F0A100212F1A000100AA1001 /* OpenIntelligenceLiveActivitiesBundle.swift */; };
		F0A100262F1A000100AA1001 /* OpenIntelligenceActivityIcon.png in Resources */ = {isa = PBXBuildFile; fileRef = F0A100222F1A000100AA1001 /* OpenIntelligenceActivityIcon.png */; };
/* End PBXBuildFile section */

/* Begin PBXContainerItemProxy section */
		8D8D45ADEC3A8FACC0A1546A /* PBXContainerItemProxy */ = {
			isa = PBXContainerItemProxy;
			containerPortal = B0D565D62E98AC50001274A2 /* Project object */;
			proxyType = 1;
			remoteGlobalIDString = B0D565DD2E98AC50001274A2;
			remoteInfo = OpenIntelligence;
		};
		E0A100072F0F5F5F00AABA0E /* PBXContainerItemProxy */ = {
			isa = PBXContainerItemProxy;
			containerPortal = B0D565D62E98AC50001274A2 /* Project object */;
			proxyType = 1;
			remoteGlobalIDString = E0A100072F0F5F5F00AABA0C;
			remoteInfo = OpenIntelligenceEngine;
		};
		F0A100142F1A000100AA1001 /* PBXContainerItemProxy */ = {
			isa = PBXContainerItemProxy;
			containerPortal = B0D565D62E98AC50001274A2 /* Project object */;
			proxyType = 1;
			remoteGlobalIDString = F0A100102F1A000100AA1001;
			remoteInfo = OpenIntelligenceLiveActivities;
		};
/* End PBXContainerItemProxy section */

/* Begin PBXCopyFilesBuildPhase section */
		F0A1000C2F1A000100AA1001 /* Embed Foundation Extensions */ = {
			isa = PBXCopyFilesBuildPhase;
			buildActionMask = 2147483647;
			dstPath = "";
			dstSubfolderSpec = 13;
			files = (
				F0A100012F1A000100AA1001 /* OpenIntelligenceLiveActivities.appex in Embed Foundation Extensions */,
			);
			name = "Embed Foundation Extensions";
			runOnlyForDeploymentPostprocessing = 0;
		};
/* End PBXCopyFilesBuildPhase section */

/* Begin PBXFileReference section */
		AF1C66A44688A7B340182360 /* OpenIntelligenceTests.xctest */ = {isa = PBXFileReference; explicitFileType = wrapper.cfbundle; includeInIndex = 0; path = OpenIntelligenceTests.xctest; sourceTree = BUILT_PRODUCTS_DIR; };
		B0D565DE2E98AC50001274A2 /* OpenIntelligence.app */ = {isa = PBXFileReference; explicitFileType = wrapper.application; includeInIndex = 0; path = OpenIntelligence.app; sourceTree = BUILT_PRODUCTS_DIR; };
		DDFD1600670D479C7075E2C2 /* Foundation.framework */ = {isa = PBXFileReference; lastKnownFileType = wrapper.framework; name = Foundation.framework; path = Platforms/iPhoneOS.platform/Developer/SDKs/iPhoneOS18.0.sdk/System/Library/Frameworks/Foundation.framework; sourceTree = DEVELOPER_DIR; };
		E0A100042F0F5F5F00AABA0C /* OpenIntelligenceEngine.framework */ = {isa = PBXFileReference; explicitFileType = wrapper.framework; includeInIndex = 0; path = OpenIntelligenceEngine.framework; sourceTree = BUILT_PRODUCTS_DIR; };
		F0A100022F1A000100AA1001 /* OpenIntelligenceLiveActivities.appex */ = {isa = PBXFileReference; explicitFileType = "wrapper.app-extension"; includeInIndex = 0; path = OpenIntelligenceLiveActivities.appex; sourceTree = BUILT_PRODUCTS_DIR; };
		F0A100042F1A000100AA1001 /* OpenIntelligence/Services/Infrastructure/Background/IngestionLiveActivityAttributes.swift */ = {isa = PBXFileReference; lastKnownFileType = sourcecode.swift; path = OpenIntelligence/Services/Infrastructure/Background/IngestionLiveActivityAttributes.swift; sourceTree = "<group>"; };
		F0A100202F1A000100AA1001 /* IngestionLiveActivityWidget.swift */ = {isa = PBXFileReference; lastKnownFileType = sourcecode.swift; path = IngestionLiveActivityWidget.swift; sourceTree = "<group>"; };
		F0A100212F1A000100AA1001 /* OpenIntelligenceLiveActivitiesBundle.swift */ = {isa = PBXFileReference; lastKnownFileType = sourcecode.swift; path = OpenIntelligenceLiveActivitiesBundle.swift; sourceTree = "<group>"; };
		F0A100222F1A000100AA1001 /* OpenIntelligenceActivityIcon.png */ = {isa = PBXFileReference; lastKnownFileType = image.png; path = OpenIntelligenceActivityIcon.png; sourceTree = "<group>"; };
		F0A100232F1A000100AA1001 /* Info.plist */ = {isa = PBXFileReference; lastKnownFileType = text.plist.xml; path = Info.plist; sourceTree = "<group>"; };
/* End PBXFileReference section */

/* Begin PBXFileSystemSynchronizedBuildFileExceptionSet section */
		E0A100052F0F5F5F00AABA0C /* Exceptions for "OpenIntelligence/Core" folder in "OpenIntelligenceEngine" target */ = {
			isa = PBXFileSystemSynchronizedBuildFileExceptionSet;
			membershipExceptions = (
				Extensions/MarkdownRenderer.swift,
			);
			target = E0A100072F0F5F5F00AABA0C /* OpenIntelligenceEngine */;
		};
		E0A100132F0F5F5F00AABA0C /* Exceptions for "OpenIntelligence/Services/Infrastructure/Integration" folder in "OpenIntelligenceEngine" target */ = {
			isa = PBXFileSystemSynchronizedBuildFileExceptionSet;
			membershipExceptions = (
				ImagePlaygroundService.swift,
			);
			target = E0A100072F0F5F5F00AABA0C /* OpenIntelligenceEngine */;
		};
		E0A100142F0F5F5F00AABA0C /* Exceptions for "OpenIntelligence/Services/Agentic" folder in "OpenIntelligenceEngine" target */ = {
			isa = PBXFileSystemSynchronizedBuildFileExceptionSet;
			membershipExceptions = (
				RAGAppIntents.swift,
				VisualIntelligenceIntents.swift,
				WritingToolsService.swift,
			);
			target = E0A100072F0F5F5F00AABA0C /* OpenIntelligenceEngine */;
		};
		F0A100052F1A000100AA1001 /* Exceptions for "OpenIntelligence/Services/LLM" folder in "OpenIntelligenceEngine" target */ = {
			isa = PBXFileSystemSynchronizedBuildFileExceptionSet;
			membershipExceptions = (
				ModelResolutionService.swift,
			);
			target = E0A100072F0F5F5F00AABA0C /* OpenIntelligenceEngine */;
		};
		F0A100062F1A000100AA1001 /* Exceptions for "OpenIntelligence/Services/Storage" folder in "OpenIntelligenceEngine" target */ = {
			isa = PBXFileSystemSynchronizedBuildFileExceptionSet;
			membershipExceptions = (
				DocumentationCacheService.swift,
			);
			target = E0A100072F0F5F5F00AABA0C /* OpenIntelligenceEngine */;
		};
		F0A100072F1A000100AA1001 /* Exceptions for "OpenIntelligence/Resources" folder in "OpenIntelligenceEngine" target */ = {
			isa = PBXFileSystemSynchronizedBuildFileExceptionSet;
			membershipExceptions = (
				Assets/Assets.xcassets,
				StoreKit/StoreKitConfiguration.storekit,
				StoreKit/StoreKitTestHarness.swift,
			);
			target = E0A100072F0F5F5F00AABA0C /* OpenIntelligenceEngine */;
		};
/* End PBXFileSystemSynchronizedBuildFileExceptionSet section */

/* Begin PBXFileSystemSynchronizedRootGroup section */
		17994961EE4C7527D88E9B5B /* OpenIntelligenceTests */ = {
			isa = PBXFileSystemSynchronizedRootGroup;
			path = OpenIntelligenceTests;
			sourceTree = "<group>";
		};
		B0D565E02E98AC50001274A2 /* OpenIntelligence */ = {
			isa = PBXFileSystemSynchronizedRootGroup;
			path = OpenIntelligence;
			sourceTree = "<group>";
		};
		E0A100152F0F5F5F00AABA0C /* OpenIntelligence/Core */ = {
			isa = PBXFileSystemSynchronizedRootGroup;
			exceptions = (
				E0A100052F0F5F5F00AABA0C /* Exceptions for "OpenIntelligence/Core" folder in "OpenIntelligenceEngine" target */,
			);
			path = OpenIntelligence/Core;
			sourceTree = "<group>";
		};
		E0A100162F0F5F5F00AABA0C /* OpenIntelligence/SDK */ = {
			isa = PBXFileSystemSynchronizedRootGroup;
			path = OpenIntelligence/SDK;
			sourceTree = "<group>";
		};
		E0A100172F0F5F5F00AABA0C /* OpenIntelligence/Services/Agentic */ = {
			isa = PBXFileSystemSynchronizedRootGroup;
			exceptions = (
				E0A100142F0F5F5F00AABA0C /* Exceptions for "OpenIntelligence/Services/Agentic" folder in "OpenIntelligenceEngine" target */,
			);
			path = OpenIntelligence/Services/Agentic;
			sourceTree = "<group>";
		};
		E0A100182F0F5F5F00AABA0C /* OpenIntelligence/Services/Document */ = {
			isa = PBXFileSystemSynchronizedRootGroup;
			path = OpenIntelligence/Services/Document;
			sourceTree = "<group>";
		};
		E0A100192F0F5F5F00AABA0C /* OpenIntelligence/Services/Embedding */ = {
			isa = PBXFileSystemSynchronizedRootGroup;
			path = OpenIntelligence/Services/Embedding;
			sourceTree = "<group>";
		};
		E0A100202F0F5F5F00AABA0C /* OpenIntelligence/Services/Infrastructure/Compute */ = {
			isa = PBXFileSystemSynchronizedRootGroup;
			path = OpenIntelligence/Services/Infrastructure/Compute;
			sourceTree = "<group>";
		};
		E0A100212F0F5F5F00AABA0C /* OpenIntelligence/Services/Infrastructure/Configuration */ = {
			isa = PBXFileSystemSynchronizedRootGroup;
			path = OpenIntelligence/Services/Infrastructure/Configuration;
			sourceTree = "<group>";
		};
		E0A100222F0F5F5F00AABA0C /* OpenIntelligence/Services/Infrastructure/Integration */ = {
			isa = PBXFileSystemSynchronizedRootGroup;
			exceptions = (
				E0A100132F0F5F5F00AABA0C /* Exceptions for "OpenIntelligence/Services/Infrastructure/Integration" folder in "OpenIntelligenceEngine" target */,
			);
			path = OpenIntelligence/Services/Infrastructure/Integration;
			sourceTree = "<group>";
		};
		E0A100232F0F5F5F00AABA0C /* OpenIntelligence/Services/Infrastructure/Monitoring */ = {
			isa = PBXFileSystemSynchronizedRootGroup;
			path = OpenIntelligence/Services/Infrastructure/Monitoring;
			sourceTree = "<group>";
		};
		E0A100242F0F5F5F00AABA0C /* OpenIntelligence/Services/Infrastructure/Optimization */ = {
			isa = PBXFileSystemSynchronizedRootGroup;
			path = OpenIntelligence/Services/Infrastructure/Optimization;
			sourceTree = "<group>";
		};
		E0A100252F0F5F5F00AABA0C /* OpenIntelligence/Services/LLM */ = {
			isa = PBXFileSystemSynchronizedRootGroup;
			exceptions = (
				F0A100052F1A000100AA1001 /* Exceptions for "OpenIntelligence/Services/LLM" folder in "OpenIntelligenceEngine" target */,
			);
			path = OpenIntelligence/Services/LLM;
			sourceTree = "<group>";
		};
		E0A100262F0F5F5F00AABA0C /* OpenIntelligence/Services/Query */ = {
			isa = PBXFileSystemSynchronizedRootGroup;
			path = OpenIntelligence/Services/Query;
			sourceTree = "<group>";
		};
		E0A100272F0F5F5F00AABA0C /* OpenIntelligence/Services/RAG */ = {
			isa = PBXFileSystemSynchronizedRootGroup;
			path = OpenIntelligence/Services/RAG;
			sourceTree = "<group>";
		};
		E0A100282F0F5F5F00AABA0C /* OpenIntelligence/Services/Storage */ = {
			isa = PBXFileSystemSynchronizedRootGroup;
			exceptions = (
				F0A100062F1A000100AA1001 /* Exceptions for "OpenIntelligence/Services/Storage" folder in "OpenIntelligenceEngine" target */,
			);
			path = OpenIntelligence/Services/Storage;
			sourceTree = "<group>";
		};
		E0A100292F0F5F5F00AABA0C /* OpenIntelligence/Services/VectorStore */ = {
			isa = PBXFileSystemSynchronizedRootGroup;
			path = OpenIntelligence/Services/VectorStore;
			sourceTree = "<group>";
		};
		E0A1002A2F0F5F5F00AABA0C /* OpenIntelligence/Services/Infrastructure/Storage */ = {
			isa = PBXFileSystemSynchronizedRootGroup;
			path = OpenIntelligence/Services/Infrastructure/Storage;
			sourceTree = "<group>";
		};
		E0A1002B2F0F5F5F00AABA0C /* OpenIntelligence/Services/AIPlatform */ = {
			isa = PBXFileSystemSynchronizedRootGroup;
			path = OpenIntelligence/Services/AIPlatform;
			sourceTree = "<group>";
		};
		F0A100082F1A000100AA1001 /* OpenIntelligence/Resources */ = {
			isa = PBXFileSystemSynchronizedRootGroup;
			exceptions = (
				F0A100072F1A000100AA1001 /* Exceptions for "OpenIntelligence/Resources" folder in "OpenIntelligenceEngine" target */,
			);
			path = OpenIntelligence/Resources;
			sourceTree = "<group>";
		};
/* End PBXFileSystemSynchronizedRootGroup section */

/* Begin PBXFrameworksBuildPhase section */
		0DC56E4EF82F88294775D241 /* Frameworks */ = {
			isa = PBXFrameworksBuildPhase;
			buildActionMask = 2147483647;
			files = (
				E0A100042F0F5F5F00AABA0D /* OpenIntelligenceEngine.framework in Frameworks */,
			);
			runOnlyForDeploymentPostprocessing = 0;
		};
		B0D565DB2E98AC50001274A2 /* Frameworks */ = {
			isa = PBXFrameworksBuildPhase;
			buildActionMask = 2147483647;
			files = (
				B016E7B72F0F5F5F00AABA0C /* TransformersTokenizers in Frameworks */,
			);
			runOnlyForDeploymentPostprocessing = 0;
		};
		E0A100062F0F5F5F00AABA0C /* Frameworks */ = {
			isa = PBXFrameworksBuildPhase;
			buildActionMask = 2147483647;
			files = (
				E0A100022F0F5F5F00AABA0C /* TransformersTokenizers in Frameworks */,
			);
			runOnlyForDeploymentPostprocessing = 0;
		};
		F0A1000B2F1A000100AA1001 /* Frameworks */ = {
			isa = PBXFrameworksBuildPhase;
			buildActionMask = 2147483647;
			files = (
			);
			runOnlyForDeploymentPostprocessing = 0;
		};
/* End PBXFrameworksBuildPhase section */

/* Begin PBXGroup section */
		B015094A2FA3A465008E428B /* Recovered References */ = {
			isa = PBXGroup;
			children = (
				E0A100152F0F5F5F00AABA0C /* OpenIntelligence/Core */,
				F0A100082F1A000100AA1001 /* OpenIntelligence/Resources */,
				E0A100162F0F5F5F00AABA0C /* OpenIntelligence/SDK */,
				E0A1002B2F0F5F5F00AABA0C /* OpenIntelligence/Services/AIPlatform */,
				E0A100172F0F5F5F00AABA0C /* OpenIntelligence/Services/Agentic */,
				E0A100182F0F5F5F00AABA0C /* OpenIntelligence/Services/Document */,
				E0A100192F0F5F5F00AABA0C /* OpenIntelligence/Services/Embedding */,
				E0A100202F0F5F5F00AABA0C /* OpenIntelligence/Services/Infrastructure/Compute */,
				E0A100212F0F5F5F00AABA0C /* OpenIntelligence/Services/Infrastructure/Configuration */,
				E0A100222F0F5F5F00AABA0C /* OpenIntelligence/Services/Infrastructure/Integration */,
				E0A100232F0F5F5F00AABA0C /* OpenIntelligence/Services/Infrastructure/Monitoring */,
				E0A100242F0F5F5F00AABA0C /* OpenIntelligence/Services/Infrastructure/Optimization */,
				E0A1002A2F0F5F5F00AABA0C /* OpenIntelligence/Services/Infrastructure/Storage */,
				E0A100252F0F5F5F00AABA0C /* OpenIntelligence/Services/LLM */,
				E0A100262F0F5F5F00AABA0C /* OpenIntelligence/Services/Query */,
				E0A100272F0F5F5F00AABA0C /* OpenIntelligence/Services/RAG */,
				E0A100282F0F5F5F00AABA0C /* OpenIntelligence/Services/Storage */,
				E0A100292F0F5F5F00AABA0C /* OpenIntelligence/Services/VectorStore */,
				F0A100042F1A000100AA1001 /* OpenIntelligence/Services/Infrastructure/Background/IngestionLiveActivityAttributes.swift */,
			);
			name = "Recovered References";
			sourceTree = "<group>";
		};
		B0B991682F0F4BC700BBE97E /* Frameworks */ = {
			isa = PBXGroup;
			children = (
				E36190526DA1ED2ACAD0DA42 /* iOS */,
			);
			name = Frameworks;
			sourceTree = "<group>";
		};
		B0D565D52E98AC50001274A2 = {
			isa = PBXGroup;
			children = (
				17994961EE4C7527D88E9B5B /* OpenIntelligenceTests */,
				B0D565E02E98AC50001274A2 /* OpenIntelligence */,
				F0A1000A2F1A000100AA1001 /* OpenIntelligenceLiveActivities */,
				B0B991682F0F4BC700BBE97E /* Frameworks */,
				B0D565DF2E98AC50001274A2 /* Products */,
				B015094A2FA3A465008E428B /* Recovered References */,
			);
			sourceTree = "<group>";
		};
		B0D565DF2E98AC50001274A2 /* Products */ = {
			isa = PBXGroup;
			children = (
				AF1C66A44688A7B340182360 /* OpenIntelligenceTests.xctest */,
				B0D565DE2E98AC50001274A2 /* OpenIntelligence.app */,
				E0A100042F0F5F5F00AABA0C /* OpenIntelligenceEngine.framework */,
				F0A100022F1A000100AA1001 /* OpenIntelligenceLiveActivities.appex */,
			);
			name = Products;
			sourceTree = "<group>";
		};
		E36190526DA1ED2ACAD0DA42 /* iOS */ = {
			isa = PBXGroup;
			children = (
				DDFD1600670D479C7075E2C2 /* Foundation.framework */,
			);
			name = iOS;
			sourceTree = "<group>";
		};
		F0A1000A2F1A000100AA1001 /* OpenIntelligenceLiveActivities */ = {
			isa = PBXGroup;
			children = (
				F0A100202F1A000100AA1001 /* IngestionLiveActivityWidget.swift */,
				F0A100212F1A000100AA1001 /* OpenIntelligenceLiveActivitiesBundle.swift */,
				F0A100222F1A000100AA1001 /* OpenIntelligenceActivityIcon.png */,
				F0A100232F1A000100AA1001 /* Info.plist */,
			);
			path = OpenIntelligenceLiveActivities;
			sourceTree = "<group>";
		};
/* End PBXGroup section */

/* Begin PBXNativeTarget section */
		0F3C6530C6DDDDF669D8396B /* OpenIntelligenceTests */ = {
			isa = PBXNativeTarget;
			buildConfigurationList = D6CA55BABB4421C80E023711 /* Build configuration list for PBXNativeTarget "OpenIntelligenceTests" */;
			buildPhases = (
				6FB4BEE880D86874B2120AC7 /* Sources */,
				0DC56E4EF82F88294775D241 /* Frameworks */,
				29833E3824F6652362B1FC83 /* Resources */,
			);
			buildRules = (
			);
			dependencies = (
				86B5D50247B13A6ED0FE80E0 /* PBXTargetDependency */,
				E0A100072F0F5F5F00AABA0F /* PBXTargetDependency */,
			);
			fileSystemSynchronizedGroups = (
				17994961EE4C7527D88E9B5B /* OpenIntelligenceTests */,
			);
			name = OpenIntelligenceTests;
			productName = OpenIntelligenceTests;
			productReference = AF1C66A44688A7B340182360 /* OpenIntelligenceTests.xctest */;
			productType = "com.apple.product-type.bundle.unit-test";
		};
		B0D565DD2E98AC50001274A2 /* OpenIntelligence */ = {
			isa = PBXNativeTarget;
			buildConfigurationList = B0D565E92E98AC51001274A2 /* Build configuration list for PBXNativeTarget "OpenIntelligence" */;
			buildPhases = (
				B0D565DA2E98AC50001274A2 /* Sources */,
				B0D565DB2E98AC50001274A2 /* Frameworks */,
				B0D565DC2E98AC50001274A2 /* Resources */,
				F0A1000C2F1A000100AA1001 /* Embed Foundation Extensions */,
			);
			buildRules = (
			);
			dependencies = (
				F0A100152F1A000100AA1001 /* PBXTargetDependency */,
			);
			fileSystemSynchronizedGroups = (
				B0D565E02E98AC50001274A2 /* OpenIntelligence */,
			);
			name = OpenIntelligence;
			packageProductDependencies = (
				B016E7B62F0F5F5F00AABA0C /* TransformersTokenizers */,
			);
			productName = OpenIntelligence;
			productReference = B0D565DE2E98AC50001274A2 /* OpenIntelligence.app */;
			productType = "com.apple.product-type.application";
		};
		E0A100072F0F5F5F00AABA0C /* OpenIntelligenceEngine */ = {
			isa = PBXNativeTarget;
			buildConfigurationList = E0A100102F0F5F5F00AABA0C /* Build configuration list for PBXNativeTarget "OpenIntelligenceEngine" */;
			buildPhases = (
				E0A100112F0F5F5F00AABA0C /* Sources */,
				E0A100062F0F5F5F00AABA0C /* Frameworks */,
				E0A100122F0F5F5F00AABA0C /* Resources */,
			);
			buildRules = (
			);
			dependencies = (
			);
			fileSystemSynchronizedGroups = (
				E0A100152F0F5F5F00AABA0C /* OpenIntelligence/Core */,
				E0A100162F0F5F5F00AABA0C /* OpenIntelligence/SDK */,
				E0A100172F0F5F5F00AABA0C /* OpenIntelligence/Services/Agentic */,
				E0A100182F0F5F5F00AABA0C /* OpenIntelligence/Services/Document */,
				E0A100192F0F5F5F00AABA0C /* OpenIntelligence/Services/Embedding */,
				E0A100202F0F5F5F00AABA0C /* OpenIntelligence/Services/Infrastructure/Compute */,
				E0A100212F0F5F5F00AABA0C /* OpenIntelligence/Services/Infrastructure/Configuration */,
				E0A100222F0F5F5F00AABA0C /* OpenIntelligence/Services/Infrastructure/Integration */,
				E0A100232F0F5F5F00AABA0C /* OpenIntelligence/Services/Infrastructure/Monitoring */,
				E0A100242F0F5F5F00AABA0C /* OpenIntelligence/Services/Infrastructure/Optimization */,
				E0A100252F0F5F5F00AABA0C /* OpenIntelligence/Services/LLM */,
				E0A100262F0F5F5F00AABA0C /* OpenIntelligence/Services/Query */,
				E0A100272F0F5F5F00AABA0C /* OpenIntelligence/Services/RAG */,
				E0A100282F0F5F5F00AABA0C /* OpenIntelligence/Services/Storage */,
				E0A100292F0F5F5F00AABA0C /* OpenIntelligence/Services/VectorStore */,
				E0A1002A2F0F5F5F00AABA0C /* OpenIntelligence/Services/Infrastructure/Storage */,
				E0A1002B2F0F5F5F00AABA0C /* OpenIntelligence/Services/AIPlatform */,
				F0A100082F1A000100AA1001 /* OpenIntelligence/Resources */,
			);
			name = OpenIntelligenceEngine;
			packageProductDependencies = (
				B016E7B62F0F5F5F00AABA0C /* TransformersTokenizers */,
			);
			productName = OpenIntelligenceEngine;
			productReference = E0A100042F0F5F5F00AABA0C /* OpenIntelligenceEngine.framework */;
			productType = "com.apple.product-type.framework";
		};
		F0A100102F1A000100AA1001 /* OpenIntelligenceLiveActivities */ = {
			isa = PBXNativeTarget;
			buildConfigurationList = F0A100112F1A000100AA1001 /* Build configuration list for PBXNativeTarget "OpenIntelligenceLiveActivities" */;
			buildPhases = (
				F0A100282F1A000100AA1001 /* Sources */,
				F0A1000B2F1A000100AA1001 /* Frameworks */,
				F0A100092F1A000100AA1001 /* Resources */,
			);
			buildRules = (
			);
			dependencies = (
			);
			name = OpenIntelligenceLiveActivities;
			productName = OpenIntelligenceLiveActivities;
			productReference = F0A100022F1A000100AA1001 /* OpenIntelligenceLiveActivities.appex */;
			productType = "com.apple.product-type.app-extension";
		};
/* End PBXNativeTarget section */

/* Begin PBXProject section */
		B0D565D62E98AC50001274A2 /* Project object */ = {
			isa = PBXProject;
			attributes = {
				BuildIndependentTargetsInParallel = 1;
				LastSwiftUpdateCheck = 2600;
				LastUpgradeCheck = 2700;
				TargetAttributes = {
					B0D565DD2E98AC50001274A2 = {
						CreatedOnToolsVersion = 26.0;
					};
					E0A100072F0F5F5F00AABA0C = {
						CreatedOnToolsVersion = 26.0;
					};
					F0A100102F1A000100AA1001 = {
						CreatedOnToolsVersion = 26.0;
					};
				};
			};
			buildConfigurationList = B0D565D92E98AC50001274A2 /* Build configuration list for PBXProject "OpenIntelligence" */;
			developmentRegion = en;
			hasScannedForEncodings = 0;
			knownRegions = (
				en,
				Base,
			);
			mainGroup = B0D565D52E98AC50001274A2;
			minimizedProjectReferenceProxies = 1;
			packageReferences = (
				B016E7B32F0F5F5F00AABA0C /* XCLocalSwiftPackageReference "OpenIntelligence/swift-transformers" */,
			);
			preferredProjectObjectVersion = 77;
			productRefGroup = B0D565DF2E98AC50001274A2 /* Products */;
			projectDirPath = "";
			projectRoot = "";
			targets = (
				0F3C6530C6DDDDF669D8396B /* OpenIntelligenceTests */,
				B0D565DD2E98AC50001274A2 /* OpenIntelligence */,
				E0A100072F0F5F5F00AABA0C /* OpenIntelligenceEngine */,
				F0A100102F1A000100AA1001 /* OpenIntelligenceLiveActivities */,
			);
		};
/* End PBXProject section */

/* Begin PBXResourcesBuildPhase section */
		29833E3824F6652362B1FC83 /* Resources */ = {
			isa = PBXResourcesBuildPhase;
			buildActionMask = 2147483647;
			files = (
			);
			runOnlyForDeploymentPostprocessing = 0;
		};
		B0D565DC2E98AC50001274A2 /* Resources */ = {
			isa = PBXResourcesBuildPhase;
			buildActionMask = 2147483647;
			files = (
			);
			runOnlyForDeploymentPostprocessing = 0;
		};
		E0A100122F0F5F5F00AABA0C /* Resources */ = {
			isa = PBXResourcesBuildPhase;
			buildActionMask = 2147483647;
			files = (
			);
			runOnlyForDeploymentPostprocessing = 0;
		};
		F0A100092F1A000100AA1001 /* Resources */ = {
			isa = PBXResourcesBuildPhase;
			buildActionMask = 2147483647;
			files = (
				F0A100262F1A000100AA1001 /* OpenIntelligenceActivityIcon.png in Resources */,
			);
			runOnlyForDeploymentPostprocessing = 0;
		};
/* End PBXResourcesBuildPhase section */

/* Begin PBXSourcesBuildPhase section */
		6FB4BEE880D86874B2120AC7 /* Sources */ = {
			isa = PBXSourcesBuildPhase;
			buildActionMask = 2147483647;
			files = (
			);
			runOnlyForDeploymentPostprocessing = 0;
		};
		B0D565DA2E98AC50001274A2 /* Sources */ = {
			isa = PBXSourcesBuildPhase;
			buildActionMask = 2147483647;
			files = (
			);
			runOnlyForDeploymentPostprocessing = 0;
		};
		E0A100112F0F5F5F00AABA0C /* Sources */ = {
			isa = PBXSourcesBuildPhase;
			buildActionMask = 2147483647;
			files = (
			);
			runOnlyForDeploymentPostprocessing = 0;
		};
		F0A100282F1A000100AA1001 /* Sources */ = {
			isa = PBXSourcesBuildPhase;
			buildActionMask = 2147483647;
			files = (
				F0A100032F1A000100AA1001 /* OpenIntelligence/Services/Infrastructure/Background/IngestionLiveActivityAttributes.swift in Sources */,
				F0A100242F1A000100AA1001 /* IngestionLiveActivityWidget.swift in Sources */,
				F0A100252F1A000100AA1001 /* OpenIntelligenceLiveActivitiesBundle.swift in Sources */,
			);
			runOnlyForDeploymentPostprocessing = 0;
		};
/* End PBXSourcesBuildPhase section */

/* Begin PBXTargetDependency section */
		86B5D50247B13A6ED0FE80E0 /* PBXTargetDependency */ = {
			isa = PBXTargetDependency;
			name = OpenIntelligence;
			target = B0D565DD2E98AC50001274A2 /* OpenIntelligence */;
			targetProxy = 8D8D45ADEC3A8FACC0A1546A /* PBXContainerItemProxy */;
		};
		E0A100072F0F5F5F00AABA0F /* PBXTargetDependency */ = {
			isa = PBXTargetDependency;
			name = OpenIntelligenceEngine;
			target = E0A100072F0F5F5F00AABA0C /* OpenIntelligenceEngine */;
			targetProxy = E0A100072F0F5F5F00AABA0E /* PBXContainerItemProxy */;
		};
		F0A100152F1A000100AA1001 /* PBXTargetDependency */ = {
			isa = PBXTargetDependency;
			platformFilter = ios;
			target = F0A100102F1A000100AA1001 /* OpenIntelligenceLiveActivities */;
			targetProxy = F0A100142F1A000100AA1001 /* PBXContainerItemProxy */;
		};
/* End PBXTargetDependency section */

/* Begin XCBuildConfiguration section */
		6AB4EB15D0C807FC1FF50FD8 /* Release */ = {
			isa = XCBuildConfiguration;
			buildSettings = {
				BUNDLE_LOADER = "$(TEST_HOST)";
				CLANG_ENABLE_OBJC_WEAK = NO;
				CODE_SIGN_STYLE = Automatic;
				CURRENT_PROJECT_VERSION = 150;
				DEVELOPMENT_TEAM = Z3E334EXZD;
				GENERATE_INFOPLIST_FILE = YES;
				IPHONEOS_DEPLOYMENT_TARGET = 26.0;
				MARKETING_VERSION = 5.2;
				PRODUCT_BUNDLE_IDENTIFIER = Gunndamental.OpenIntelligence.tests;
				PRODUCT_NAME = "$(TARGET_NAME)";
				SDKROOT = iphoneos;
				SWIFT_EMIT_LOC_STRINGS = NO;
				SWIFT_OBJC_INTEROP_MODE = objcxx;
				SWIFT_VERSION = 5.0;
				TARGETED_DEVICE_FAMILY = "1,2,6,7";
				TEST_HOST = "$(BUILT_PRODUCTS_DIR)/OpenIntelligence.app/$(BUNDLE_EXECUTABLE_FOLDER_PATH)/OpenIntelligence";
				VALIDATE_PRODUCT = YES;
			};
			name = Release;
		};
		B0D565E72E98AC51001274A2 /* Debug */ = {
			isa = XCBuildConfiguration;
			buildSettings = {
				ALWAYS_SEARCH_USER_PATHS = NO;
				ASSETCATALOG_COMPILER_GENERATE_SWIFT_ASSET_SYMBOL_EXTENSIONS = YES;
				CLANG_ANALYZER_NONNULL = YES;
				CLANG_ANALYZER_NUMBER_OBJECT_CONVERSION = YES_AGGRESSIVE;
				CLANG_CXX_LANGUAGE_STANDARD = "gnu++20";
				CLANG_ENABLE_MODULES = YES;
				CLANG_ENABLE_OBJC_ARC = YES;
				CLANG_ENABLE_OBJC_WEAK = YES;
				CLANG_WARN_BLOCK_CAPTURE_AUTORELEASING = YES;
				CLANG_WARN_BOOL_CONVERSION = YES;
				CLANG_WARN_COMMA = YES;
				CLANG_WARN_CONSTANT_CONVERSION = YES;
				CLANG_WARN_DEPRECATED_OBJC_IMPLEMENTATIONS = YES;
				CLANG_WARN_DIRECT_OBJC_ISA_USAGE = YES_ERROR;
				CLANG_WARN_DOCUMENTATION_COMMENTS = YES;
				CLANG_WARN_EMPTY_BODY = YES;
				CLANG_WARN_ENUM_CONVERSION = YES;
				CLANG_WARN_INFINITE_RECURSION = YES;
				CLANG_WARN_INT_CONVERSION = YES;
				CLANG_WARN_NON_LITERAL_NULL_CONVERSION = YES;
				CLANG_WARN_OBJC_IMPLICIT_RETAIN_SELF = YES;
				CLANG_WARN_OBJC_LITERAL_CONVERSION = YES;
				CLANG_WARN_OBJC_ROOT_CLASS = YES_ERROR;
				CLANG_WARN_QUOTED_INCLUDE_IN_FRAMEWORK_HEADER = YES;
				CLANG_WARN_RANGE_LOOP_ANALYSIS = YES;
				CLANG_WARN_STRICT_PROTOTYPES = YES;
				CLANG_WARN_SUSPICIOUS_MOVE = YES;
				CLANG_WARN_UNGUARDED_AVAILABILITY = YES_AGGRESSIVE;
				CLANG_WARN_UNREACHABLE_CODE = YES;
				CLANG_WARN__DUPLICATE_METHOD_MATCH = YES;
				COPY_PHASE_STRIP = NO;
				DEAD_CODE_STRIPPING = YES;
				DEBUG_INFORMATION_FORMAT = dwarf;
				DEVELOPMENT_TEAM = Z3E334EXZD;
				ENABLE_STRICT_OBJC_MSGSEND = YES;
				ENABLE_TESTABILITY = YES;
				ENABLE_USER_SCRIPT_SANDBOXING = YES;
				GCC_C_LANGUAGE_STANDARD = gnu17;
				GCC_DYNAMIC_NO_PIC = NO;
				GCC_NO_COMMON_BLOCKS = YES;
				GCC_OPTIMIZATION_LEVEL = 0;
				GCC_PREPROCESSOR_DEFINITIONS = (
					"DEBUG=1",
					"$(inherited)",
				);
				GCC_WARN_64_TO_32_BIT_CONVERSION = YES;
				GCC_WARN_ABOUT_RETURN_TYPE = YES_ERROR;
				GCC_WARN_UNDECLARED_SELECTOR = YES;
				GCC_WARN_UNINITIALIZED_AUTOS = YES_AGGRESSIVE;
				GCC_WARN_UNUSED_FUNCTION = YES;
				GCC_WARN_UNUSED_VARIABLE = YES;
				LOCALIZATION_PREFERS_STRING_CATALOGS = YES;
				MTL_ENABLE_DEBUG_INFO = INCLUDE_SOURCE;
				MTL_FAST_MATH = YES;
				ONLY_ACTIVE_ARCH = YES;
				STRING_CATALOG_GENERATE_SYMBOLS = YES;
				SWIFT_ACTIVE_COMPILATION_CONDITIONS = "DEBUG $(inherited)";
				SWIFT_OPTIMIZATION_LEVEL = "-Onone";
			};
			name = Debug;
		};
		B0D565E82E98AC51001274A2 /* Release */ = {
			isa = XCBuildConfiguration;
			buildSettings = {
				ALWAYS_SEARCH_USER_PATHS = NO;
				ASSETCATALOG_COMPILER_GENERATE_SWIFT_ASSET_SYMBOL_EXTENSIONS = YES;
				CLANG_ANALYZER_NONNULL = YES;
				CLANG_ANALYZER_NUMBER_OBJECT_CONVERSION = YES_AGGRESSIVE;
				CLANG_CXX_LANGUAGE_STANDARD = "gnu++20";
				CLANG_ENABLE_MODULES = YES;
				CLANG_ENABLE_OBJC_ARC = YES;
				CLANG_ENABLE_OBJC_WEAK = YES;
				CLANG_WARN_BLOCK_CAPTURE_AUTORELEASING = YES;
				CLANG_WARN_BOOL_CONVERSION = YES;
				CLANG_WARN_COMMA = YES;
				CLANG_WARN_CONSTANT_CONVERSION = YES;
				CLANG_WARN_DEPRECATED_OBJC_IMPLEMENTATIONS = YES;
				CLANG_WARN_DIRECT_OBJC_ISA_USAGE = YES_ERROR;
				CLANG_WARN_DOCUMENTATION_COMMENTS = YES;
				CLANG_WARN_EMPTY_BODY = YES;
				CLANG_WARN_ENUM_CONVERSION = YES;
				CLANG_WARN_INFINITE_RECURSION = YES;
				CLANG_WARN_INT_CONVERSION = YES;
				CLANG_WARN_NON_LITERAL_NULL_CONVERSION = YES;
				CLANG_WARN_OBJC_IMPLICIT_RETAIN_SELF = YES;
				CLANG_WARN_OBJC_LITERAL_CONVERSION = YES;
				CLANG_WARN_OBJC_ROOT_CLASS = YES_ERROR;
				CLANG_WARN_QUOTED_INCLUDE_IN_FRAMEWORK_HEADER = YES;
				CLANG_WARN_RANGE_LOOP_ANALYSIS = YES;
				CLANG_WARN_STRICT_PROTOTYPES = YES;
				CLANG_WARN_SUSPICIOUS_MOVE = YES;
				CLANG_WARN_UNGUARDED_AVAILABILITY = YES_AGGRESSIVE;
				CLANG_WARN_UNREACHABLE_CODE = YES;
				CLANG_WARN__DUPLICATE_METHOD_MATCH = YES;
				COPY_PHASE_STRIP = NO;
				DEAD_CODE_STRIPPING = YES;
				DEBUG_INFORMATION_FORMAT = "dwarf-with-dsym";
				DEVELOPMENT_TEAM = Z3E334EXZD;
				ENABLE_NS_ASSERTIONS = NO;
				ENABLE_STRICT_OBJC_MSGSEND = YES;
				ENABLE_USER_SCRIPT_SANDBOXING = YES;
				GCC_C_LANGUAGE_STANDARD = gnu17;
				GCC_NO_COMMON_BLOCKS = YES;
				GCC_WARN_64_TO_32_BIT_CONVERSION = YES;
				GCC_WARN_ABOUT_RETURN_TYPE = YES_ERROR;
				GCC_WARN_UNDECLARED_SELECTOR = YES;
				GCC_WARN_UNINITIALIZED_AUTOS = YES_AGGRESSIVE;
				GCC_WARN_UNUSED_FUNCTION = YES;
				GCC_WARN_UNUSED_VARIABLE = YES;
				LOCALIZATION_PREFERS_STRING_CATALOGS = YES;
				MTL_ENABLE_DEBUG_INFO = NO;
				MTL_FAST_MATH = YES;
				STRING_CATALOG_GENERATE_SYMBOLS = YES;
				SWIFT_COMPILATION_MODE = wholemodule;
			};
			name = Release;
		};
		B0D565EA2E98AC51001274A2 /* Debug */ = {
			isa = XCBuildConfiguration;
			buildSettings = {
				ASSETCATALOG_COMPILER_APPICON_NAME = AppIcon;
				ASSETCATALOG_COMPILER_GLOBAL_ACCENT_COLOR_NAME = AccentColor;
				CODE_SIGN_ALLOW_ENTITLEMENTS_MODIFICATION = YES;
				CODE_SIGN_ENTITLEMENTS = OpenIntelligence/OpenIntelligence.entitlements;
				CODE_SIGN_STYLE = Automatic;
				CURRENT_PROJECT_VERSION = 150;
				DERIVE_MACCATALYST_PRODUCT_BUNDLE_IDENTIFIER = NO;
				DEVELOPMENT_TEAM = Z3E334EXZD;
				ENABLE_APP_SANDBOX = NO;
				ENABLE_HARDENED_RUNTIME = YES;
				ENABLE_PREVIEWS = YES;
				ENABLE_USER_SELECTED_FILES = readonly;
				GENERATE_INFOPLIST_FILE = YES;
				INFOPLIST_FILE = Info.plist;
				INFOPLIST_KEY_CFBundleDisplayName = OpenIntelligence;
				INFOPLIST_KEY_CFBundleName = OpenIntelligence;
				INFOPLIST_KEY_ITSAppUsesNonExemptEncryption = NO;
				INFOPLIST_KEY_LSApplicationCategoryType = "public.app-category.productivity";
				INFOPLIST_KEY_NSCameraUsageDescription = "Take photos of documents or whiteboards for OCR and semantic search.";
				INFOPLIST_KEY_NSMicrophoneUsageDescription = "Record voice queries or dictate text for hands-free document search.";
				INFOPLIST_KEY_NSPhotoLibraryUsageDescription = "Select images from your library to extract text and add to your knowledge base.";
				INFOPLIST_KEY_NSSpeechRecognitionUsageDescription = "Transcribe audio and video files you import to add their content to your knowledge base.";
				INFOPLIST_KEY_NSSupportsLiveActivities = YES;
				INFOPLIST_KEY_NSSupportsLiveActivitiesFrequentUpdates = YES;
				INFOPLIST_KEY_UIApplicationSceneManifest_Generation = YES;
				"INFOPLIST_KEY_UIApplicationSceneManifest_Generation[sdk=iphoneos*]" = YES;
				"INFOPLIST_KEY_UIApplicationSceneManifest_Generation[sdk=iphonesimulator*]" = YES;
				INFOPLIST_KEY_UIApplicationSupportsIndirectInputEvents = YES;
				"INFOPLIST_KEY_UIApplicationSupportsIndirectInputEvents[sdk=iphoneos*]" = YES;
				"INFOPLIST_KEY_UIApplicationSupportsIndirectInputEvents[sdk=iphonesimulator*]" = YES;
				INFOPLIST_KEY_UIBackgroundModes = "fetch processing";
				INFOPLIST_KEY_UILaunchScreen_Generation = YES;
				"INFOPLIST_KEY_UILaunchScreen_Generation[sdk=iphoneos*]" = YES;
				"INFOPLIST_KEY_UILaunchScreen_Generation[sdk=iphonesimulator*]" = YES;
				INFOPLIST_KEY_UIStatusBarStyle = UIStatusBarStyleDefault;
				"INFOPLIST_KEY_UIStatusBarStyle[sdk=iphoneos*]" = UIStatusBarStyleDefault;
				"INFOPLIST_KEY_UIStatusBarStyle[sdk=iphonesimulator*]" = UIStatusBarStyleDefault;
				INFOPLIST_KEY_UISupportedInterfaceOrientations_iPad = "UIInterfaceOrientationPortrait UIInterfaceOrientationPortraitUpsideDown UIInterfaceOrientationLandscapeLeft UIInterfaceOrientationLandscapeRight";
				INFOPLIST_KEY_UISupportedInterfaceOrientations_iPhone = "UIInterfaceOrientationPortrait UIInterfaceOrientationLandscapeLeft UIInterfaceOrientationLandscapeRight";
				IPHONEOS_DEPLOYMENT_TARGET = 26.0;
				LD_RUNPATH_SEARCH_PATHS = "@executable_path/Frameworks";
				"LD_RUNPATH_SEARCH_PATHS[sdk=macosx*]" = "@executable_path/../Frameworks";
				MACOSX_DEPLOYMENT_TARGET = 26.0;
				MARKETING_VERSION = 5.2;
				PRODUCT_BUNDLE_IDENTIFIER = Gunndamental.OpenIntelligence;
				PRODUCT_NAME = "$(TARGET_NAME)";
				REGISTER_APP_GROUPS = YES;
				SDKROOT = iphoneos;
				STRING_CATALOG_GENERATE_SYMBOLS = YES;
				SUPPORTED_PLATFORMS = "iphoneos iphonesimulator macosx";
				SUPPORTS_MACCATALYST = NO;
				SUPPORTS_MAC_DESIGNED_FOR_IPHONE_IPAD = NO;
				SUPPORTS_XR_DESIGNED_FOR_IPHONE_IPAD = NO;
				SWIFT_APPROACHABLE_CONCURRENCY = YES;
				SWIFT_DEFAULT_ACTOR_ISOLATION = MainActor;
				SWIFT_EMIT_LOC_STRINGS = YES;
				SWIFT_OBJC_INTEROP_MODE = objcxx;
				SWIFT_UPCOMING_FEATURE_MEMBER_IMPORT_VISIBILITY = YES;
				SWIFT_VERSION = 5.0;
				TARGETED_DEVICE_FAMILY = "1,2,6,7";
				XROS_DEPLOYMENT_TARGET = 26.0;
			};
			name = Debug;
		};
		B0D565EB2E98AC51001274A2 /* Release */ = {
			isa = XCBuildConfiguration;
			buildSettings = {
				ASSETCATALOG_COMPILER_APPICON_NAME = AppIcon;
				ASSETCATALOG_COMPILER_GLOBAL_ACCENT_COLOR_NAME = AccentColor;
				CODE_SIGN_ALLOW_ENTITLEMENTS_MODIFICATION = YES;
				CODE_SIGN_ENTITLEMENTS = OpenIntelligence/OpenIntelligence.entitlements;
				CODE_SIGN_STYLE = Automatic;
				CURRENT_PROJECT_VERSION = 150;
				DEVELOPMENT_TEAM = Z3E334EXZD;
				ENABLE_APP_SANDBOX = NO;
				ENABLE_HARDENED_RUNTIME = YES;
				ENABLE_PREVIEWS = YES;
				ENABLE_USER_SELECTED_FILES = readonly;
				GENERATE_INFOPLIST_FILE = YES;
				INFOPLIST_FILE = Info.plist;
				INFOPLIST_KEY_CFBundleDisplayName = OpenIntelligence;
				INFOPLIST_KEY_ITSAppUsesNonExemptEncryption = NO;
				INFOPLIST_KEY_LSApplicationCategoryType = "public.app-category.productivity";
				INFOPLIST_KEY_NSCameraUsageDescription = "Take photos of documents or whiteboards for OCR and semantic search.";
				INFOPLIST_KEY_NSMicrophoneUsageDescription = "Record voice queries or dictate text for hands-free document search.";
				INFOPLIST_KEY_NSPhotoLibraryUsageDescription = "Select images from your library to extract text and add to your knowledge base.";
				INFOPLIST_KEY_NSSpeechRecognitionUsageDescription = "Transcribe audio and video files you import to add their content to your knowledge base.";
				INFOPLIST_KEY_NSSupportsLiveActivities = YES;
				INFOPLIST_KEY_NSSupportsLiveActivitiesFrequentUpdates = YES;
				INFOPLIST_KEY_UIApplicationSceneManifest_Generation = YES;
				"INFOPLIST_KEY_UIApplicationSceneManifest_Generation[sdk=iphoneos*]" = YES;
				"INFOPLIST_KEY_UIApplicationSceneManifest_Generation[sdk=iphonesimulator*]" = YES;
				INFOPLIST_KEY_UIApplicationSupportsIndirectInputEvents = YES;
				"INFOPLIST_KEY_UIApplicationSupportsIndirectInputEvents[sdk=iphoneos*]" = YES;
				"INFOPLIST_KEY_UIApplicationSupportsIndirectInputEvents[sdk=iphonesimulator*]" = YES;
				INFOPLIST_KEY_UIBackgroundModes = "fetch processing";
				INFOPLIST_KEY_UILaunchScreen_Generation = YES;
				"INFOPLIST_KEY_UILaunchScreen_Generation[sdk=iphoneos*]" = YES;
				"INFOPLIST_KEY_UILaunchScreen_Generation[sdk=iphonesimulator*]" = YES;
				INFOPLIST_KEY_UIStatusBarStyle = UIStatusBarStyleDefault;
				"INFOPLIST_KEY_UIStatusBarStyle[sdk=iphoneos*]" = UIStatusBarStyleDefault;
				"INFOPLIST_KEY_UIStatusBarStyle[sdk=iphonesimulator*]" = UIStatusBarStyleDefault;
				INFOPLIST_KEY_UISupportedInterfaceOrientations_iPad = "UIInterfaceOrientationPortrait UIInterfaceOrientationPortraitUpsideDown UIInterfaceOrientationLandscapeLeft UIInterfaceOrientationLandscapeRight";
				INFOPLIST_KEY_UISupportedInterfaceOrientations_iPhone = "UIInterfaceOrientationPortrait UIInterfaceOrientationLandscapeLeft UIInterfaceOrientationLandscapeRight";
				IPHONEOS_DEPLOYMENT_TARGET = 26.0;
				LD_RUNPATH_SEARCH_PATHS = "@executable_path/Frameworks";
				"LD_RUNPATH_SEARCH_PATHS[sdk=macosx*]" = "@executable_path/../Frameworks";
				MACOSX_DEPLOYMENT_TARGET = 26.0;
				MARKETING_VERSION = 5.2;
				PRODUCT_BUNDLE_IDENTIFIER = Gunndamental.OpenIntelligence;
				PRODUCT_NAME = "$(TARGET_NAME)";
				REGISTER_APP_GROUPS = YES;
				SDKROOT = iphoneos;
				STRING_CATALOG_GENERATE_SYMBOLS = YES;
				SUPPORTED_PLATFORMS = "iphoneos iphonesimulator macosx";
				SUPPORTS_MACCATALYST = NO;
				SUPPORTS_MAC_DESIGNED_FOR_IPHONE_IPAD = NO;
				SUPPORTS_XR_DESIGNED_FOR_IPHONE_IPAD = NO;
				SWIFT_APPROACHABLE_CONCURRENCY = YES;
				SWIFT_DEFAULT_ACTOR_ISOLATION = MainActor;
				SWIFT_EMIT_LOC_STRINGS = YES;
				SWIFT_OBJC_INTEROP_MODE = objcxx;
				SWIFT_UPCOMING_FEATURE_MEMBER_IMPORT_VISIBILITY = YES;
				SWIFT_VERSION = 5.0;
				TARGETED_DEVICE_FAMILY = "1,2,6,7";
				XROS_DEPLOYMENT_TARGET = 26.0;
			};
			name = Release;
		};
		E0A100082F0F5F5F00AABA0C /* Debug */ = {
			isa = XCBuildConfiguration;
			buildSettings = {
				APPLICATION_EXTENSION_API_ONLY = NO;
				BUILD_LIBRARY_FOR_DISTRIBUTION = YES;
				CODE_SIGN_IDENTITY = "";
				CODE_SIGN_STYLE = Automatic;
				CURRENT_PROJECT_VERSION = 150;
				DEFINES_MODULE = YES;
				DEVELOPMENT_TEAM = Z3E334EXZD;
				ENABLE_MODULE_VERIFIER = YES;
				GENERATE_INFOPLIST_FILE = YES;
				INFOPLIST_KEY_CFBundleDisplayName = OpenIntelligenceEngine;
				INFOPLIST_KEY_CFBundleName = OpenIntelligenceEngine;
				INFOPLIST_KEY_ITSAppUsesNonExemptEncryption = NO;
				IPHONEOS_DEPLOYMENT_TARGET = 26.0;
				LD_RUNPATH_SEARCH_PATHS = (
					"$(inherited)",
					"@executable_path/Frameworks",
					"@loader_path/Frameworks",
				);
				MARKETING_VERSION = 5.2;
				MODULE_VERIFIER_SUPPORTED_LANGUAGE_STANDARDS = "gnu17 gnu++20";
				PRODUCT_BUNDLE_IDENTIFIER = Gunndamental.OpenIntelligenceEngine;
				PRODUCT_NAME = "$(TARGET_NAME)";
				SDKROOT = iphoneos;
				SKIP_INSTALL = NO;
				STRING_CATALOG_GENERATE_SYMBOLS = YES;
				SUPPORTED_PLATFORMS = "iphoneos iphonesimulator";
				SWIFT_ACTIVE_COMPILATION_CONDITIONS = "OPENINTELLIGENCE_ENGINE_SDK DEBUG $(inherited)";
				SWIFT_APPROACHABLE_CONCURRENCY = YES;
				SWIFT_DEFAULT_ACTOR_ISOLATION = MainActor;
				SWIFT_EMIT_LOC_STRINGS = YES;
				SWIFT_OBJC_INTEROP_MODE = objcxx;
				SWIFT_UPCOMING_FEATURE_MEMBER_IMPORT_VISIBILITY = YES;
				SWIFT_VERSION = 5.0;
				TARGETED_DEVICE_FAMILY = "1,2";
			};
			name = Debug;
		};
		E0A100092F0F5F5F00AABA0C /* Release */ = {
			isa = XCBuildConfiguration;
			buildSettings = {
				APPLICATION_EXTENSION_API_ONLY = NO;
				BUILD_LIBRARY_FOR_DISTRIBUTION = YES;
				CODE_SIGN_IDENTITY = "";
				CODE_SIGN_STYLE = Automatic;
				CURRENT_PROJECT_VERSION = 150;
				DEFINES_MODULE = YES;
				DEVELOPMENT_TEAM = Z3E334EXZD;
				ENABLE_MODULE_VERIFIER = YES;
				GENERATE_INFOPLIST_FILE = YES;
				INFOPLIST_KEY_CFBundleDisplayName = OpenIntelligenceEngine;
				INFOPLIST_KEY_CFBundleName = OpenIntelligenceEngine;
				INFOPLIST_KEY_ITSAppUsesNonExemptEncryption = NO;
				IPHONEOS_DEPLOYMENT_TARGET = 26.0;
				LD_RUNPATH_SEARCH_PATHS = (
					"$(inherited)",
					"@executable_path/Frameworks",
					"@loader_path/Frameworks",
				);
				MARKETING_VERSION = 5.2;
				MODULE_VERIFIER_SUPPORTED_LANGUAGE_STANDARDS = "gnu17 gnu++20";
				PRODUCT_BUNDLE_IDENTIFIER = Gunndamental.OpenIntelligenceEngine;
				PRODUCT_NAME = "$(TARGET_NAME)";
				SDKROOT = iphoneos;
				SKIP_INSTALL = NO;
				STRING_CATALOG_GENERATE_SYMBOLS = YES;
				SUPPORTED_PLATFORMS = "iphoneos iphonesimulator";
				SWIFT_ACTIVE_COMPILATION_CONDITIONS = "OPENINTELLIGENCE_ENGINE_SDK $(inherited)";
				SWIFT_APPROACHABLE_CONCURRENCY = YES;
				SWIFT_DEFAULT_ACTOR_ISOLATION = MainActor;
				SWIFT_EMIT_LOC_STRINGS = YES;
				SWIFT_OBJC_INTEROP_MODE = objcxx;
				SWIFT_UPCOMING_FEATURE_MEMBER_IMPORT_VISIBILITY = YES;
				SWIFT_VERSION = 5.0;
				TARGETED_DEVICE_FAMILY = "1,2";
			};
			name = Release;
		};
		F0A100122F1A000100AA1001 /* Debug */ = {
			isa = XCBuildConfiguration;
			buildSettings = {
				APPLICATION_EXTENSION_API_ONLY = YES;
				CODE_SIGN_STYLE = Automatic;
				CURRENT_PROJECT_VERSION = 150;
				DEVELOPMENT_TEAM = Z3E334EXZD;
				GENERATE_INFOPLIST_FILE = NO;
				INFOPLIST_FILE = OpenIntelligenceLiveActivities/Info.plist;
				IPHONEOS_DEPLOYMENT_TARGET = 26.0;
				LD_RUNPATH_SEARCH_PATHS = (
					"$(inherited)",
					"@executable_path/Frameworks",
					"@executable_path/../../Frameworks",
				);
				MARKETING_VERSION = 5.2;
				PRODUCT_BUNDLE_IDENTIFIER = Gunndamental.OpenIntelligence.LiveActivities;
				PRODUCT_NAME = "$(TARGET_NAME)";
				SDKROOT = iphoneos;
				SKIP_INSTALL = YES;
				STRING_CATALOG_GENERATE_SYMBOLS = YES;
				SUPPORTED_PLATFORMS = "iphoneos iphonesimulator";
				SWIFT_APPROACHABLE_CONCURRENCY = YES;
				SWIFT_DEFAULT_ACTOR_ISOLATION = MainActor;
				SWIFT_EMIT_LOC_STRINGS = YES;
				SWIFT_UPCOMING_FEATURE_MEMBER_IMPORT_VISIBILITY = YES;
				SWIFT_VERSION = 5.0;
				TARGETED_DEVICE_FAMILY = "1,2";
			};
			name = Debug;
		};
		F0A100132F1A000100AA1001 /* Release */ = {
			isa = XCBuildConfiguration;
			buildSettings = {
				APPLICATION_EXTENSION_API_ONLY = YES;
				CODE_SIGN_STYLE = Automatic;
				CURRENT_PROJECT_VERSION = 150;
				DEVELOPMENT_TEAM = Z3E334EXZD;
				GENERATE_INFOPLIST_FILE = NO;
				INFOPLIST_FILE = OpenIntelligenceLiveActivities/Info.plist;
				IPHONEOS_DEPLOYMENT_TARGET = 26.0;
				LD_RUNPATH_SEARCH_PATHS = (
					"$(inherited)",
					"@executable_path/Frameworks",
					"@executable_path/../../Frameworks",
				);
				MARKETING_VERSION = 5.2;
				PRODUCT_BUNDLE_IDENTIFIER = Gunndamental.OpenIntelligence.LiveActivities;
				PRODUCT_NAME = "$(TARGET_NAME)";
				SDKROOT = iphoneos;
				SKIP_INSTALL = YES;
				STRING_CATALOG_GENERATE_SYMBOLS = YES;
				SUPPORTED_PLATFORMS = "iphoneos iphonesimulator";
				SWIFT_APPROACHABLE_CONCURRENCY = YES;
				SWIFT_DEFAULT_ACTOR_ISOLATION = MainActor;
				SWIFT_EMIT_LOC_STRINGS = YES;
				SWIFT_UPCOMING_FEATURE_MEMBER_IMPORT_VISIBILITY = YES;
				SWIFT_VERSION = 5.0;
				TARGETED_DEVICE_FAMILY = "1,2";
			};
			name = Release;
		};
		F56921109921F3B8D6037496 /* Debug */ = {
			isa = XCBuildConfiguration;
			buildSettings = {
				BUNDLE_LOADER = "$(TEST_HOST)";
				CLANG_ENABLE_OBJC_WEAK = NO;
				CODE_SIGN_STYLE = Automatic;
				CURRENT_PROJECT_VERSION = 150;
				DEVELOPMENT_TEAM = Z3E334EXZD;
				GENERATE_INFOPLIST_FILE = YES;
				IPHONEOS_DEPLOYMENT_TARGET = 26.0;
				MARKETING_VERSION = 5.2;
				PRODUCT_BUNDLE_IDENTIFIER = Gunndamental.OpenIntelligence.tests;
				PRODUCT_NAME = "$(TARGET_NAME)";
				SDKROOT = iphoneos;
				SWIFT_EMIT_LOC_STRINGS = NO;
				SWIFT_OBJC_INTEROP_MODE = objcxx;
				SWIFT_VERSION = 5.0;
				TARGETED_DEVICE_FAMILY = "1,2,6,7";
				TEST_HOST = "$(BUILT_PRODUCTS_DIR)/OpenIntelligence.app/$(BUNDLE_EXECUTABLE_FOLDER_PATH)/OpenIntelligence";
			};
			name = Debug;
		};
/* End XCBuildConfiguration section */

/* Begin XCConfigurationList section */
		B0D565D92E98AC50001274A2 /* Build configuration list for PBXProject "OpenIntelligence" */ = {
			isa = XCConfigurationList;
			buildConfigurations = (
				B0D565E72E98AC51001274A2 /* Debug */,
				B0D565E82E98AC51001274A2 /* Release */,
			);
			defaultConfigurationIsVisible = 0;
			defaultConfigurationName = Release;
		};
		B0D565E92E98AC51001274A2 /* Build configuration list for PBXNativeTarget "OpenIntelligence" */ = {
			isa = XCConfigurationList;
			buildConfigurations = (
				B0D565EA2E98AC51001274A2 /* Debug */,
				B0D565EB2E98AC51001274A2 /* Release */,
			);
			defaultConfigurationIsVisible = 0;
			defaultConfigurationName = Release;
		};
		D6CA55BABB4421C80E023711 /* Build configuration list for PBXNativeTarget "OpenIntelligenceTests" */ = {
			isa = XCConfigurationList;
			buildConfigurations = (
				6AB4EB15D0C807FC1FF50FD8 /* Release */,
				F56921109921F3B8D6037496 /* Debug */,
			);
			defaultConfigurationIsVisible = 0;
			defaultConfigurationName = Release;
		};
		E0A100102F0F5F5F00AABA0C /* Build configuration list for PBXNativeTarget "OpenIntelligenceEngine" */ = {
			isa = XCConfigurationList;
			buildConfigurations = (
				E0A100082F0F5F5F00AABA0C /* Debug */,
				E0A100092F0F5F5F00AABA0C /* Release */,
			);
			defaultConfigurationIsVisible = 0;
			defaultConfigurationName = Release;
		};
		F0A100112F1A000100AA1001 /* Build configuration list for PBXNativeTarget "OpenIntelligenceLiveActivities" */ = {
			isa = XCConfigurationList;
			buildConfigurations = (
				F0A100122F1A000100AA1001 /* Debug */,
				F0A100132F1A000100AA1001 /* Release */,
			);
			defaultConfigurationIsVisible = 0;
			defaultConfigurationName = Release;
		};
/* End XCConfigurationList section */

/* Begin XCLocalSwiftPackageReference section */
		B016E7B32F0F5F5F00AABA0C /* XCLocalSwiftPackageReference "OpenIntelligence/swift-transformers" */ = {
			isa = XCLocalSwiftPackageReference;
			relativePath = "OpenIntelligence/swift-transformers";
		};
/* End XCLocalSwiftPackageReference section */

/* Begin XCSwiftPackageProductDependency section */
		B016E7B62F0F5F5F00AABA0C /* TransformersTokenizers */ = {
			isa = XCSwiftPackageProductDependency;
			package = B016E7B32F0F5F5F00AABA0C /* XCLocalSwiftPackageReference "OpenIntelligence/swift-transformers" */;
			productName = TransformersTokenizers;
		};
/* End XCSwiftPackageProductDependency section */
	};
	rootObject = B0D565D62E98AC50001274A2 /* Project object */;
}
